// !$*UTF8*$!
{
	archiveVersion = 1;
	classes = {
	};
	objectVersion = 46;
	objects = {

/* Begin PBXBuildFile section */
		702EFE531D3F5C3C0075157B /* AppDelegate.swift in Sources */ = {isa = PBXBuildFile; fileRef = 702EFE521D3F5C3C0075157B /* AppDelegate.swift */; };
		702EFE5C1D3F5C3C0075157B /* Main.storyboard in Resources */ = {isa = PBXBuildFile; fileRef = 702EFE5A1D3F5C3C0075157B /* Main.storyboard */; };
		702EFE5E1D3F5C3C0075157B /* Assets.xcassets in Resources */ = {isa = PBXBuildFile; fileRef = 702EFE5D1D3F5C3C0075157B /* Assets.xcassets */; };
		702EFE611D3F5C3C0075157B /* LaunchScreen.storyboard in Resources */ = {isa = PBXBuildFile; fileRef = 702EFE5F1D3F5C3C0075157B /* LaunchScreen.storyboard */; };
		702EFE691D3F5C980075157B /* ViewController.swift in Sources */ = {isa = PBXBuildFile; fileRef = 702EFE681D3F5C980075157B /* ViewController.swift */; };
		702EFE6B1D3F5E370075157B /* NextViewController.swift in Sources */ = {isa = PBXBuildFile; fileRef = 702EFE6A1D3F5E370075157B /* NextViewController.swift */; };
/* End PBXBuildFile section */

/* Begin PBXFileReference section */
		702EFE4F1D3F5C3B0075157B /* FirstProject.app */ = {isa = PBXFileReference; explicitFileType = wrapper.application; includeInIndex = 0; path = FirstProject.app; sourceTree = BUILT_PRODUCTS_DIR; };
		702EFE521D3F5C3C0075157B /* AppDelegate.swift */ = {isa = PBXFileReference; lastKnownFileType = sourcecode.swift; path = AppDelegate.swift; sourceTree = "<group>"; };
		702EFE5B1D3F5C3C0075157B /* Base */ = {isa = PBXFileReference; lastKnownFileType = file.storyboard; name = Base; path = Base.lproj/Main.storyboard; sourceTree = "<group>"; };
		702EFE5D1D3F5C3C0075157B /* Assets.xcassets */ = {isa = PBXFileReference; lastKnownFileType = folder.assetcatalog; path = Assets.xcassets; sourceTree = "<group>"; };
		702EFE601D3F5C3C0075157B /* Base */ = {isa = PBXFileReference; lastKnownFileType = file.storyboard; name = Base; path = Base.lproj/LaunchScreen.storyboard; sourceTree = "<group>"; };
		702EFE621D3F5C3C0075157B /* Info.plist */ = {isa = PBXFileReference; lastKnownFileType = text.plist.xml; path = Info.plist; sourceTree = "<group>"; };
		702EFE681D3F5C980075157B /* ViewController.swift */ = {isa = PBXFileReference; fileEncoding = 4; lastKnownFileType = sourcecode.swift; path = ViewController.swift; sourceTree = "<group>"; };
		702EFE6A1D3F5E370075157B /* NextViewController.swift */ = {isa = PBXFileReference; fileEncoding = 4; lastKnownFileType = sourcecode.swift; path = NextViewController.swift; sourceTree = "<group>"; };
/* End PBXFileReference section */

/* Begin PBXFrameworksBuildPhase section */
		702EFE4C1D3F5C3B0075157B /* Frameworks */ = {
			isa = PBXFrameworksBuildPhase;
			buildActionMask = 2147483647;
			files = (
			);
			runOnlyForDeploymentPostprocessing = 0;
		};
/* End PBXFrameworksBuildPhase section */

/* Begin PBXGroup section */
		702EFE461D3F5C3B0075157B = {
			isa = PBXGroup;
			children = (
				702EFE511D3F5C3C0075157B /* FirstProject */,
				702EFE501D3F5C3B0075157B /* Products */,
			);
			sourceTree = "<group>";
		};
		702EFE501D3F5C3B0075157B /* Products */ = {
			isa = PBXGroup;
			children = (
				702EFE4F1D3F5C3B0075157B /* FirstProject.app */,
			);
			name = Products;
			sourceTree = "<group>";
		};
		702EFE511D3F5C3C0075157B /* FirstProject */ = {
			isa = PBXGroup;
			children = (
				702EFE521D3F5C3C0075157B /* AppDelegate.swift */,
				702EFE681D3F5C980075157B /* ViewController.swift */,
				702EFE6A1D3F5E370075157B /* NextViewController.swift */,
				702EFE5A1D3F5C3C0075157B /* Main.storyboard */,
				702EFE5D1D3F5C3C0075157B /* Assets.xcassets */,
				702EFE5F1D3F5C3C0075157B /* LaunchScreen.storyboard */,
				702EFE621D3F5C3C0075157B /* Info.plist */,
			);
			path = FirstProject;
			sourceTree = "<group>";
		};
/* End PBXGroup section */

/* Begin PBXNativeTarget section */
		702EFE4E1D3F5C3B0075157B /* FirstProject */ = {
			isa = PBXNativeTarget;
			buildConfigurationList = 702EFE651D3F5C3C0075157B /* Build configuration list for PBXNativeTarget "FirstProject" */;
			buildPhases = (
				702EFE4B1D3F5C3B0075157B /* Sources */,
				702EFE4C1D3F5C3B0075157B /* Frameworks */,
				702EFE4D1D3F5C3B0075157B /* Resources */,
			);
			buildRules = (
			);
			dependencies = (
			);
			name = FirstProject;
			productName = FirstProject;
			productReference = 702EFE4F1D3F5C3B0075157B /* FirstProject.app */;
			productType = "com.apple.product-type.application";
		};
/* End PBXNativeTarget section */

/* Begin PBXProject section */
		702EFE471D3F5C3B0075157B /* Project object */ = {
			isa = PBXProject;
			attributes = {
				LastSwiftUpdateCheck = 0730;
				LastUpgradeCheck = 0730;
				ORGANIZATIONNAME = B1media;
				TargetAttributes = {
					702EFE4E1D3F5C3B0075157B = {
						CreatedOnToolsVersion = 7.3.1;
					};
				};
			};
			buildConfigurationList = 702EFE4A1D3F5C3B0075157B /* Build configuration list for PBXProject "FirstProject" */;
			compatibilityVersion = "Xcode 3.2";
			developmentRegion = English;
			hasScannedForEncodings = 0;
			knownRegions = (
				en,
				Base,
			);
			mainGroup = 702EFE461D3F5C3B0075157B;
			productRefGroup = 702EFE501D3F5C3B0075157B /* Products */;
			projectDirPath = "";
			projectRoot = "";
			targets = (
				702EFE4E1D3F5C3B0075157B /* FirstProject */,
			);
		};
/* End PBXProject section */

/* Begin PBXResourcesBuildPhase section */
		702EFE4D1D3F5C3B0075157B /* Resources */ = {
			isa = PBXResourcesBuildPhase;
			buildActionMask = 2147483647;
			files = (
				702EFE611D3F5C3C0075157B /* LaunchScreen.storyboard in Resources */,
				702EFE5E1D3F5C3C0075157B /* Assets.xcassets in Resources */,
				702EFE5C1D3F5C3C0075157B /* Main.storyboard in Resources */,
			);
			runOnlyForDeploymentPostprocessing = 0;
		};
/* End PBXResourcesBuildPhase section */

/* Begin PBXSourcesBuildPhase section */
		702EFE4B1D3F5C3B0075157B /* Sources */ = {
			isa = PBXSourcesBuildPhase;
			buildActionMask = 2147483647;
			files = (
				702EFE691D3F5C980075157B /* ViewController.swift in Sources */,
				702EFE6B1D3F5E370075157B /* NextViewController.swift in Sources */,
				702EFE531D3F5C3C0075157B /* AppDelegate.swift in Sources */,
			);
			runOnlyForDeploymentPostprocessing = 0;
		};
/* End PBXSourcesBuildPhase section */

/* Begin PBXVariantGroup section */
		702EFE5A1D3F5C3C0075157B /* Main.storyboard */ = {
			isa = PBXVariantGroup;
			children = (
				702EFE5B1D3F5C3C0075157B /* Base */,
			);
			name = Main.storyboard;
			sourceTree = "<group>";
		};
		702EFE5F1D3F5C3C0075157B /* LaunchScreen.storyboard */ = {
			isa = PBXVariantGroup;
			children = (
				702EFE601D3F5C3C0075157B /* Base */,
			);
			name = LaunchScreen.storyboard;
			sourceTree = "<group>";
		};
/* End PBXVariantGroup section */

/* Begin XCBuildConfiguration section */
		702EFE631D3F5C3C0075157B /* Debug */ = {
			isa = XCBuildConfiguration;
			buildSettings = {
				ALWAYS_SEARCH_USER_PATHS = NO;
				CLANG_ANALYZER_NONNULL = YES;
				CLANG_CXX_LANGUAGE_STANDARD = "gnu++0x";
				CLANG_CXX_LIBRARY = "libc++";
				CLANG_ENABLE_MODULES = YES;
				CLANG_ENABLE_OBJC_ARC = YES;
				CLANG_WARN_BOOL_CONVERSION = YES;
				CLANG_WARN_CONSTANT_CONVERSION = YES;
				CLANG_WARN_DIRECT_OBJC_ISA_USAGE = YES_ERROR;
				CLANG_WARN_EMPTY_BODY = YES;
				CLANG_WARN_ENUM_CONVERSION = YES;
				CLANG_WARN_INT_CONVERSION = YES;
				CLANG_WARN_OBJC_ROOT_CLASS = YES_ERROR;
				CLANG_WARN_UNREACHABLE_CODE = YES;
				CLANG_WARN__DUPLICATE_METHOD_MATCH = YES;
				"CODE_SIGN_IDENTITY[sdk=iphoneos*]" = "iPhone Developer";
				COPY_PHASE_STRIP = NO;
				DEBUG_INFORMATION_FORMAT = dwarf;
				ENABLE_STRICT_OBJC_MSGSEND = YES;
				ENABLE_TESTABILITY = YES;
				GCC_C_LANGUAGE_STANDARD = gnu99;
				GCC_DYNAMIC_NO_PIC = NO;
				GCC_NO_COMMON_BLOCKS = YES;
				GCC_OPTIMIZATION_LEVEL = 0;
				GCC_PREPROCESSOR_DEFINITIONS = (
					"DEBUG=1",
					"$(inherited)",
				);
				GCC_WARN_64_TO_32_BIT_CONVERSION = YES;
				GCC_WARN_ABOUT_RETURN_TYPE = YES_ERROR;
				GCC_WARN_UNDECLARED_SELECTOR = YES;
				GCC_WARN_UNINITIALIZED_AUTOS = YES_AGGRESSIVE;
				GCC_WARN_UNUSED_FUNCTION = YES;
				GCC_WARN_UNUSED_VARIABLE = YES;
				IPHONEOS_DEPLOYMENT_TARGET = 9.3;
				MTL_ENABLE_DEBUG_INFO = YES;
				ONLY_ACTIVE_ARCH = YES;
				SDKROOT = iphoneos;
				SWIFT_OPTIMIZATION_LEVEL = "-Onone";
				TARGETED_DEVICE_FAMILY = "1,2";
			};
			name = Debug;
		};
		702EFE641D3F5C3C0075157B /* Release */ = {
			isa = XCBuildConfiguration;
			buildSettings = {
				ALWAYS_SEARCH_USER_PATHS = NO;
				CLANG_ANALYZER_NONNULL = YES;
				CLANG_CXX_LANGUAGE_STANDARD = "gnu++0x";
				CLANG_CXX_LIBRARY = "libc++";
				CLANG_ENABLE_MODULES = YES;
				CLANG_ENABLE_OBJC_ARC = YES;
				CLANG_WARN_BOOL_CONVERSION = YES;
				CLANG_WARN_CONSTANT_CONVERSION = YES;
				CLANG_WARN_DIRECT_OBJC_ISA_USAGE = YES_ERROR;
				CLANG_WARN_EMPTY_BODY = YES;
				CLANG_WARN_ENUM_CONVERSION = YES;
				CLANG_WARN_INT_CONVERSION = YES;
				CLANG_WARN_OBJC_ROOT_CLASS = YES_ERROR;
				CLANG_WARN_UNREACHABLE_CODE = YES;
				CLANG_WARN__DUPLICATE_METHOD_MATCH = YES;
				"CODE_SIGN_IDENTITY[sdk=iphoneos*]" = "iPhone Developer";
				COPY_PHASE_STRIP = NO;
				DEBUG_INFORMATION_FORMAT = "dwarf-with-dsym";
				ENABLE_NS_ASSERTIONS = NO;
				ENABLE_STRICT_OBJC_MSGSEND = YES;
				GCC_C_LANGUAGE_STANDARD = gnu99;
				GCC_NO_COMMON_BLOCKS = YES;
				GCC_WARN_64_TO_32_BIT_CONVERSION = YES;
				GCC_WARN_ABOUT_RETURN_TYPE = YES_ERROR;
				GCC_WARN_UNDECLARED_SELECTOR = YES;
				GCC_WARN_UNINITIALIZED_AUTOS = YES_AGGRESSIVE;
				GCC_WARN_UNUSED_FUNCTION = YES;
				GCC_WARN_UNUSED_VARIABLE = YES;
				IPHONEOS_DEPLOYMENT_TARGET = 9.3;
				MTL_ENABLE_DEBUG_INFO = NO;
				SDKROOT = iphoneos;
				TARGETED_DEVICE_FAMILY = "1,2";
				VALIDATE_PRODUCT = YES;
			};
			name = Release;
		};
		702EFE661D3F5C3C0075157B /* Debug */ = {
			isa = XCBuildConfiguration;
			buildSettings = {
				ASSETCATALOG_COMPILER_APPICON_NAME = AppIcon;
				INFOPLIST_FILE = FirstProject/Info.plist;
				IPHONEOS_DEPLOYMENT_TARGET = 8.3;
				LD_RUNPATH_SEARCH_PATHS = "$(inherited) @executable_path/Frameworks";
				PRODUCT_BUNDLE_IDENTIFIER = com.crazymike.FirstProject;
				PRODUCT_NAME = "$(TARGET_NAME)";
			};
			name = Debug;
		};
		702EFE671D3F5C3C0075157B /* Release */ = {
			isa = XCBuildConfiguration;
			buildSettings = {
				ASSETCATALOG_COMPILER_APPICON_NAME = AppIcon;
				INFOPLIST_FILE = FirstProject/Info.plist;
				IPHONEOS_DEPLOYMENT_TARGET = 8.3;
				LD_RUNPATH_SEARCH_PATHS = "$(inherited) @executable_path/Frameworks";
				PRODUCT_BUNDLE_IDENTIFIER = com.crazymike.FirstProject;
				PRODUCT_NAME = "$(TARGET_NAME)";
			};
			name = Release;
		};
/* End XCBuildConfiguration section */

/* Begin XCConfigurationList section */
		702EFE4A1D3F5C3B0075157B /* Build configuration list for PBXProject "FirstProject" */ = {
			isa = XCConfigurationList;
			buildConfigurations = (
				702EFE631D3F5C3C0075157B /* Debug */,
				702EFE641D3F5C3C0075157B /* Release */,
			);
			defaultConfigurationIsVisible = 0;
			defaultConfigurationName = Release;
		};
		702EFE651D3F5C3C0075157B /* Build configuration list for PBXNativeTarget "FirstProject" */ = {
			isa = XCConfigurationList;
			buildConfigurations = (
				702EFE661D3F5C3C0075157B /* Debug */,
				702EFE671D3F5C3C0075157B /* Release */,
			);
			defaultConfigurationIsVisible = 0;
		};
/* End XCConfigurationList section */
	};
	rootObject = 702EFE471D3F5C3B0075157B /* Project object */;
}
